
Microsoft Visual Studio Solution File, Format Version 12.00
# Visual Studio Version 17
VisualStudioVersion = 17.7.34024.191
MinimumVisualStudioVersion = 10.0.40219.1
Project("{FAE04EC0-301F-11D3-BF4B-00C04F79EFBC}") = "StudentReg", "StudentReg.csproj", "{A2E8E299-6CAB-462F-B1EF-3EEFFE050539}"
EndProject
Global
	GlobalSection(SolutionConfigurationPlatforms) = preSolution
		Debug|Any CPU = Debug|Any CPU
		Release|Any CPU = Release|Any CPU
	EndGlobalSection
	GlobalSection(ProjectConfigurationPlatforms) = postSolution
		{A2E8E299-6CAB-462F-B1EF-3EEFFE050539}.Debug|Any CPU.ActiveCfg = Debug|Any CPU
		{A2E8E299-6CAB-462F-B1EF-3EEFFE050539}.Debug|Any CPU.Build.0 = Debug|Any CPU
		{A2E8E299-6CAB-462F-B1EF-3EEFFE050539}.Release|Any CPU.ActiveCfg = Release|Any CPU
		{A2E8E299-6CAB-462F-B1EF-3EEFFE050539}.Release|Any CPU.Build.0 = Release|Any CPU
	EndGlobalSection
	GlobalSection(SolutionProperties) = preSolution
		HideSolutionNode = FALSE
	EndGlobalSection
	GlobalSection(ExtensibilityGlobals) = postSolution
		SolutionGuid = {C112ED48-DCA2-4F02-A525-9D94D8CC3F63}
	EndGlobalSection
EndGlobal
